
Microsoft Visual Studio Solution File, Format Version 12.00
# Visual Studio Version 17
VisualStudioVersion = 17.0.31903.59
MinimumVisualStudioVersion = 10.0.40219.1
Project("{2150E333-8FDC-42A3-9474-1A3956D46DE8}") = "src", "src", "{E4907F25-3F57-428C-97E7-FA506B84397F}"
EndProject
Project("{FAE04EC0-301F-11D3-BF4B-00C04F79EFBC}") = "EduTech.Shared", "src\EduTech.Shared\EduTech.Shared.csproj", "{7E36CD57-219F-46DD-8792-F499ED426BA6}"
EndProject
Project("{FAE04EC0-301F-11D3-BF4B-00C04F79EFBC}") = "EduTech.Api", "src\EduTech.Api\EduTech.Api.csproj", "{FE5C75B1-44E8-4742-876F-7D5A2E3C4523}"
EndProject
Project("{FAE04EC0-301F-11D3-BF4B-00C04F79EFBC}") = "EduTech.Auth", "src\EduTech.Auth\EduTech.Auth.csproj", "{0E5BD0D3-C37B-4C7C-8D42-ED9895B2C723}"
EndProject
Project("{FAE04EC0-301F-11D3-BF4B-00C04F79EFBC}") = "EduTech.School", "src\EduTech.School\EduTech.School.csproj", "{C4FAC33B-48B1-4DA4-BE30-92545543226C}"
EndProject
Project("{FAE04EC0-301F-11D3-BF4B-00C04F79EFBC}") = "EduTech.Staff", "src\EduTech.Staff\EduTech.Staff.csproj", "{2EA27323-BA53-40B6-B51E-D3BFF9C0FAE7}"
EndProject
Project("{FAE04EC0-301F-11D3-BF4B-00C04F79EFBC}") = "EduTech.Students", "src\EduTech.Students\EduTech.Students.csproj", "{2F4D08F7-3E74-42ED-B569-83B1C036CC2E}"
EndProject
Project("{FAE04EC0-301F-11D3-BF4B-00C04F79EFBC}") = "EduTech.Grades", "src\EduTech.Grades\EduTech.Grades.csproj", "{33FC8DAE-E538-4971-A763-A42A9BD3440C}"
EndProject
Project("{FAE04EC0-301F-11D3-BF4B-00C04F79EFBC}") = "EduTech.Fees", "src\EduTech.Fees\EduTech.Fees.csproj", "{208C7168-A600-4D5A-A287-C294AA9FA415}"
EndProject
Project("{FAE04EC0-301F-11D3-BF4B-00C04F79EFBC}") = "EduTech.Attendance", "src\EduTech.Attendance\EduTech.Attendance.csproj", "{346A0128-8FA4-47EA-BF94-CA8AE1121DF9}"
EndProject
Project("{FAE04EC0-301F-11D3-BF4B-00C04F79EFBC}") = "EduTech.Store", "src\EduTech.Store\EduTech.Store.csproj", "{C740DAE0-C5F6-4327-930E-B3E3998D2229}"
EndProject
Project("{FAE04EC0-301F-11D3-BF4B-00C04F79EFBC}") = "EduTech.Notifications", "src\EduTech.Notifications\EduTech.Notifications.csproj", "{9607D204-6CE3-4ED0-956A-AD937B24B002}"
EndProject
Project("{FAE04EC0-301F-11D3-BF4B-00C04F79EFBC}") = "EduTech.Compliance", "src\EduTech.Compliance\EduTech.Compliance.csproj", "{7FAA5C05-8FF2-4462-981C-95060989AB74}"
EndProject
Project("{FAE04EC0-301F-11D3-BF4B-00C04F79EFBC}") = "EduTech.PlatformAdmin", "src\EduTech.PlatformAdmin\EduTech.PlatformAdmin.csproj", "{477D9A6B-73D4-48D3-9F14-DF5CC464E9F8}"
EndProject
Project("{FAE04EC0-301F-11D3-BF4B-00C04F79EFBC}") = "EduTech.Auth.Tests", "..\EduTech 1.0Test\EduTech.Auth.Tests\EduTech.Auth.Tests.csproj", "{0CE14FD2-F4B1-4874-ADF6-ADB3E6533588}"
EndProject
Global
	GlobalSection(SolutionConfigurationPlatforms) = preSolution
		Debug|Any CPU = Debug|Any CPU
		Release|Any CPU = Release|Any CPU
	EndGlobalSection
	GlobalSection(SolutionProperties) = preSolution
		HideSolutionNode = FALSE
	EndGlobalSection
	GlobalSection(ProjectConfigurationPlatforms) = postSolution
		{7E36CD57-219F-46DD-8792-F499ED426BA6}.Debug|Any CPU.ActiveCfg = Debug|Any CPU
		{7E36CD57-219F-46DD-8792-F499ED426BA6}.Debug|Any CPU.Build.0 = Debug|Any CPU
		{7E36CD57-219F-46DD-8792-F499ED426BA6}.Release|Any CPU.ActiveCfg = Release|Any CPU
		{7E36CD57-219F-46DD-8792-F499ED426BA6}.Release|Any CPU.Build.0 = Release|Any CPU
		{FE5C75B1-44E8-4742-876F-7D5A2E3C4523}.Debug|Any CPU.ActiveCfg = Debug|Any CPU
		{FE5C75B1-44E8-4742-876F-7D5A2E3C4523}.Debug|Any CPU.Build.0 = Debug|Any CPU
		{FE5C75B1-44E8-4742-876F-7D5A2E3C4523}.Release|Any CPU.ActiveCfg = Release|Any CPU
		{FE5C75B1-44E8-4742-876F-7D5A2E3C4523}.Release|Any CPU.Build.0 = Release|Any CPU
		{0E5BD0D3-C37B-4C7C-8D42-ED9895B2C723}.Debug|Any CPU.ActiveCfg = Debug|Any CPU
		{0E5BD0D3-C37B-4C7C-8D42-ED9895B2C723}.Debug|Any CPU.Build.0 = Debug|Any CPU
		{0E5BD0D3-C37B-4C7C-8D42-ED9895B2C723}.Release|Any CPU.ActiveCfg = Release|Any CPU
		{0E5BD0D3-C37B-4C7C-8D42-ED9895B2C723}.Release|Any CPU.Build.0 = Release|Any CPU
		{C4FAC33B-48B1-4DA4-BE30-92545543226C}.Debug|Any CPU.ActiveCfg = Debug|Any CPU
		{C4FAC33B-48B1-4DA4-BE30-92545543226C}.Debug|Any CPU.Build.0 = Debug|Any CPU
		{C4FAC33B-48B1-4DA4-BE30-92545543226C}.Release|Any CPU.ActiveCfg = Release|Any CPU
		{C4FAC33B-48B1-4DA4-BE30-92545543226C}.Release|Any CPU.Build.0 = Release|Any CPU
		{2EA27323-BA53-40B6-B51E-D3BFF9C0FAE7}.Debug|Any CPU.ActiveCfg = Debug|Any CPU
		{2EA27323-BA53-40B6-B51E-D3BFF9C0FAE7}.Debug|Any CPU.Build.0 = Debug|Any CPU
		{2EA27323-BA53-40B6-B51E-D3BFF9C0FAE7}.Release|Any CPU.ActiveCfg = Release|Any CPU
		{2EA27323-BA53-40B6-B51E-D3BFF9C0FAE7}.Release|Any CPU.Build.0 = Release|Any CPU
		{2F4D08F7-3E74-42ED-B569-83B1C036CC2E}.Debug|Any CPU.ActiveCfg = Debug|Any CPU
		{2F4D08F7-3E74-42ED-B569-83B1C036CC2E}.Debug|Any CPU.Build.0 = Debug|Any CPU
		{2F4D08F7-3E74-42ED-B569-83B1C036CC2E}.Release|Any CPU.ActiveCfg = Release|Any CPU
		{2F4D08F7-3E74-42ED-B569-83B1C036CC2E}.Release|Any CPU.Build.0 = Release|Any CPU
		{33FC8DAE-E538-4971-A763-A42A9BD3440C}.Debug|Any CPU.ActiveCfg = Debug|Any CPU
		{33FC8DAE-E538-4971-A763-A42A9BD3440C}.Debug|Any CPU.Build.0 = Debug|Any CPU
		{33FC8DAE-E538-4971-A763-A42A9BD3440C}.Release|Any CPU.ActiveCfg = Release|Any CPU
		{33FC8DAE-E538-4971-A763-A42A9BD3440C}.Release|Any CPU.Build.0 = Release|Any CPU
		{208C7168-A600-4D5A-A287-C294AA9FA415}.Debug|Any CPU.ActiveCfg = Debug|Any CPU
		{208C7168-A600-4D5A-A287-C294AA9FA415}.Debug|Any CPU.Build.0 = Debug|Any CPU
		{208C7168-A600-4D5A-A287-C294AA9FA415}.Release|Any CPU.ActiveCfg = Release|Any CPU
		{208C7168-A600-4D5A-A287-C294AA9FA415}.Release|Any CPU.Build.0 = Release|Any CPU
		{346A0128-8FA4-47EA-BF94-CA8AE1121DF9}.Debug|Any CPU.ActiveCfg = Debug|Any CPU
		{346A0128-8FA4-47EA-BF94-CA8AE1121DF9}.Debug|Any CPU.Build.0 = Debug|Any CPU
		{346A0128-8FA4-47EA-BF94-CA8AE1121DF9}.Release|Any CPU.ActiveCfg = Release|Any CPU
		{346A0128-8FA4-47EA-BF94-CA8AE1121DF9}.Release|Any CPU.Build.0 = Release|Any CPU
		{C740DAE0-C5F6-4327-930E-B3E3998D2229}.Debug|Any CPU.ActiveCfg = Debug|Any CPU
		{C740DAE0-C5F6-4327-930E-B3E3998D2229}.Debug|Any CPU.Build.0 = Debug|Any CPU
		{C740DAE0-C5F6-4327-930E-B3E3998D2229}.Release|Any CPU.ActiveCfg = Release|Any CPU
		{C740DAE0-C5F6-4327-930E-B3E3998D2229}.Release|Any CPU.Build.0 = Release|Any CPU
		{9607D204-6CE3-4ED0-956A-AD937B24B002}.Debug|Any CPU.ActiveCfg = Debug|Any CPU
		{9607D204-6CE3-4ED0-956A-AD937B24B002}.Debug|Any CPU.Build.0 = Debug|Any CPU
		{9607D204-6CE3-4ED0-956A-AD937B24B002}.Release|Any CPU.ActiveCfg = Release|Any CPU
		{9607D204-6CE3-4ED0-956A-AD937B24B002}.Release|Any CPU.Build.0 = Release|Any CPU
		{7FAA5C05-8FF2-4462-981C-95060989AB74}.Debug|Any CPU.ActiveCfg = Debug|Any CPU
		{7FAA5C05-8FF2-4462-981C-95060989AB74}.Debug|Any CPU.Build.0 = Debug|Any CPU
		{7FAA5C05-8FF2-4462-981C-95060989AB74}.Release|Any CPU.ActiveCfg = Release|Any CPU
		{7FAA5C05-8FF2-4462-981C-95060989AB74}.Release|Any CPU.Build.0 = Release|Any CPU
		{477D9A6B-73D4-48D3-9F14-DF5CC464E9F8}.Debug|Any CPU.ActiveCfg = Debug|Any CPU
		{477D9A6B-73D4-48D3-9F14-DF5CC464E9F8}.Debug|Any CPU.Build.0 = Debug|Any CPU
		{477D9A6B-73D4-48D3-9F14-DF5CC464E9F8}.Release|Any CPU.ActiveCfg = Release|Any CPU
		{477D9A6B-73D4-48D3-9F14-DF5CC464E9F8}.Release|Any CPU.Build.0 = Release|Any CPU
		{0CE14FD2-F4B1-4874-ADF6-ADB3E6533588}.Debug|Any CPU.ActiveCfg = Debug|Any CPU
		{0CE14FD2-F4B1-4874-ADF6-ADB3E6533588}.Debug|Any CPU.Build.0 = Debug|Any CPU
		{0CE14FD2-F4B1-4874-ADF6-ADB3E6533588}.Release|Any CPU.ActiveCfg = Release|Any CPU
		{0CE14FD2-F4B1-4874-ADF6-ADB3E6533588}.Release|Any CPU.Build.0 = Release|Any CPU
	EndGlobalSection
	GlobalSection(NestedProjects) = preSolution
		{7E36CD57-219F-46DD-8792-F499ED426BA6} = {E4907F25-3F57-428C-97E7-FA506B84397F}
		{FE5C75B1-44E8-4742-876F-7D5A2E3C4523} = {E4907F25-3F57-428C-97E7-FA506B84397F}
		{0E5BD0D3-C37B-4C7C-8D42-ED9895B2C723} = {E4907F25-3F57-428C-97E7-FA506B84397F}
		{C4FAC33B-48B1-4DA4-BE30-92545543226C} = {E4907F25-3F57-428C-97E7-FA506B84397F}
		{2EA27323-BA53-40B6-B51E-D3BFF9C0FAE7} = {E4907F25-3F57-428C-97E7-FA506B84397F}
		{2F4D08F7-3E74-42ED-B569-83B1C036CC2E} = {E4907F25-3F57-428C-97E7-FA506B84397F}
		{33FC8DAE-E538-4971-A763-A42A9BD3440C} = {E4907F25-3F57-428C-97E7-FA506B84397F}
		{208C7168-A600-4D5A-A287-C294AA9FA415} = {E4907F25-3F57-428C-97E7-FA506B84397F}
		{346A0128-8FA4-47EA-BF94-CA8AE1121DF9} = {E4907F25-3F57-428C-97E7-FA506B84397F}
		{C740DAE0-C5F6-4327-930E-B3E3998D2229} = {E4907F25-3F57-428C-97E7-FA506B84397F}
		{9607D204-6CE3-4ED0-956A-AD937B24B002} = {E4907F25-3F57-428C-97E7-FA506B84397F}
		{7FAA5C05-8FF2-4462-981C-95060989AB74} = {E4907F25-3F57-428C-97E7-FA506B84397F}
		{477D9A6B-73D4-48D3-9F14-DF5CC464E9F8} = {E4907F25-3F57-428C-97E7-FA506B84397F}
	EndGlobalSection
EndGlobal
